<?xml version="1.0" encoding="UTF-8" standalone="yes" ?>
<CodeBlocks_project_file>
	<FileVersion major="1" minor="6" />
	<Project>
		<Option title="TP" />
		<Option pch_mode="2" />
		<Option compiler="gcc" />
		<Build>
			<Target title="Debug">
				<Option output="bin/Debug/TP" prefix_auto="1" extension_auto="1" />
				<Option object_output="obj/Debug/" />
				<Option type="1" />
				<Option compiler="gcc" />
				<Compiler>
					<Add option="-g" />
					<Add directory="../TP" />
					<Add directory="./" />
					<Add directory="Laboratorio-2---Cajeros-Automaticos---Grupo-9-main/TP" />
				</Compiler>
			</Target>
			<Target title="Release">
				<Option output="bin/Release/TP" prefix_auto="1" extension_auto="1" />
				<Option object_output="obj/Release/" />
				<Option type="1" />
				<Option compiler="gcc" />
				<Compiler>
					<Add option="-O2" />
					<Add directory="../TP" />
					<Add directory="./" />
					<Add directory="Laboratorio-2---Cajeros-Automaticos---Grupo-9-main/TP" />
				</Compiler>
				<Linker>
					<Add option="-s" />
				</Linker>
			</Target>
		</Build>
		<Compiler>
			<Add option="-Wall" />
			<Add option="-fexceptions" />
		</Compiler>
		<Unit filename="../../../Laboratorio-2---Cajeros-Automaticos---Grupo-9-main/TP/IngresosMensuales.cpp" />
		<Unit filename="../../../Laboratorio-2---Cajeros-Automaticos---Grupo-9-main/TP/IngresosMensuales.h" />
		<Unit filename="ArchivoCliente.cpp" />
		<Unit filename="ArchivoCliente.h" />
		<Unit filename="Cajero.cpp" />
		<Unit filename="Cajero.h" />
		<Unit filename="Cliente.cpp" />
		<Unit filename="Cliente.h" />
		<Unit filename="Cuenta.cpp" />
		<Unit filename="Cuenta.h" />
		<Unit filename="Direccion.cpp" />
		<Unit filename="Direccion.h" />
		<Unit filename="Fecha.cpp" />
		<Unit filename="Fecha.h" />
		<Unit filename="MenuAdmin.cpp" />
		<Unit filename="MenuAdmin.h" />
		<Unit filename="MenuBalanceo.cpp" />
		<Unit filename="MenuCajeros.cpp" />
		<Unit filename="MenuClientes.cpp" />
		<Unit filename="MenuReportes.cpp" />
		<Unit filename="MenuSucursales.cpp" />
		<Unit filename="MenuUsuario.cpp" />
		<Unit filename="Sucursal.cpp" />
		<Unit filename="Sucursal.h" />
		<Unit filename="Transacciones.cpp" />
		<Unit filename="Transacciones.h" />
		<Unit filename="UsuarioLogin.cpp" />
		<Unit filename="UsuarioLogin.h" />
		<Unit filename="funciones.cpp" />
		<Unit filename="funciones.h" />
		<Unit filename="funcionesClientes.cpp" />
		<Unit filename="funcionesClientes.h" />
		<Unit filename="funcionesReportes.cpp" />
		<Unit filename="funcionesReportes.h" />
		<Unit filename="main.cpp" />
		<Unit filename="menuClienteExterno.cpp" />
		<Unit filename="menuEstraxiones.cpp" />
		<Extensions>
			<lib_finder disable_auto="1" />
		</Extensions>
	</Project>
</CodeBlocks_project_file>
